// !$*UTF8*$!
{
	archiveVersion = 1;
	classes = {
	};
	objectVersion = 46;
	objects = {

/* Begin PBXBuildFile section */
		ACEFBFD71B5CD899009C1537 /* AppDelegate.m in Sources */ = {isa = PBXBuildFile; fileRef = ACEFBFD61B5CD899009C1537 /* AppDelegate.m */; };
		ACEFBFD91B5CD899009C1537 /* main.m in Sources */ = {isa = PBXBuildFile; fileRef = ACEFBFD81B5CD899009C1537 /* main.m */; };
		ACEFBFDB1B5CD899009C1537 /* Images.xcassets in Resources */ = {isa = PBXBuildFile; fileRef = ACEFBFDA1B5CD899009C1537 /* Images.xcassets */; };
		ACEFBFDE1B5CD899009C1537 /* MainMenu.xib in Resources */ = {isa = PBXBuildFile; fileRef = ACEFBFDC1B5CD899009C1537 /* MainMenu.xib */; };
		ACEFBFEA1B5CD899009C1537 /* MyImageTests.m in Sources */ = {isa = PBXBuildFile; fileRef = ACEFBFE91B5CD899009C1537 /* MyImageTests.m */; };
/* End PBXBuildFile section */

/* Begin PBXContainerItemProxy section */
		ACEFBFE41B5CD899009C1537 /* PBXContainerItemProxy */ = {
			isa = PBXContainerItemProxy;
			containerPortal = ACEFBFC81B5CD899009C1537 /* Project object */;
			proxyType = 1;
			remoteGlobalIDString = ACEFBFCF1B5CD899009C1537;
			remoteInfo = MyImage;
		};
/* End PBXContainerItemProxy section */

/* Begin PBXFileReference section */
		ACEFBFD01B5CD899009C1537 /* MyImage.app */ = {isa = PBXFileReference; explicitFileType = wrapper.application; includeInIndex = 0; path = MyImage.app; sourceTree = BUILT_PRODUCTS_DIR; };
		ACEFBFD41B5CD899009C1537 /* Info.plist */ = {isa = PBXFileReference; lastKnownFileType = text.plist.xml; path = Info.plist; sourceTree = "<group>"; };
		ACEFBFD51B5CD899009C1537 /* AppDelegate.h */ = {isa = PBXFileReference; lastKnownFileType = sourcecode.c.h; path = AppDelegate.h; sourceTree = "<group>"; };
		ACEFBFD61B5CD899009C1537 /* AppDelegate.m */ = {isa = PBXFileReference; lastKnownFileType = sourcecode.c.objc; path = AppDelegate.m; sourceTree = "<group>"; };
		ACEFBFD81B5CD899009C1537 /* main.m */ = {isa = PBXFileReference; lastKnownFileType = sourcecode.c.objc; path = main.m; sourceTree = "<group>"; };
		ACEFBFDA1B5CD899009C1537 /* Images.xcassets */ = {isa = PBXFileReference; lastKnownFileType = folder.assetcatalog; path = Images.xcassets; sourceTree = "<group>"; };
		ACEFBFDD1B5CD899009C1537 /* Base */ = {isa = PBXFileReference; lastKnownFileType = file.xib; name = Base; path = Base.lproj/MainMenu.xib; sourceTree = "<group>"; };
		ACEFBFE31B5CD899009C1537 /* MyImageTests.xctest */ = {isa = PBXFileReference; explicitFileType = wrapper.cfbundle; includeInIndex = 0; path = MyImageTests.xctest; sourceTree = BUILT_PRODUCTS_DIR; };
		ACEFBFE81B5CD899009C1537 /* Info.plist */ = {isa = PBXFileReference; lastKnownFileType = text.plist.xml; path = Info.plist; sourceTree = "<group>"; };
		ACEFBFE91B5CD899009C1537 /* MyImageTests.m */ = {isa = PBXFileReference; lastKnownFileType = sourcecode.c.objc; path = MyImageTests.m; sourceTree = "<group>"; };
/* End PBXFileReference section */

/* Begin PBXFrameworksBuildPhase section */
		ACEFBFCD1B5CD899009C1537 /* Frameworks */ = {
			isa = PBXFrameworksBuildPhase;
			buildActionMask = 2147483647;
			files = (
			);
			runOnlyForDeploymentPostprocessing = 0;
		};
		ACEFBFE01B5CD899009C1537 /* Frameworks */ = {
			isa = PBXFrameworksBuildPhase;
			buildActionMask = 2147483647;
			files = (
			);
			runOnlyForDeploymentPostprocessing = 0;
		};
/* End PBXFrameworksBuildPhase section */

/* Begin PBXGroup section */
		ACEFBFC71B5CD899009C1537 = {
			isa = PBXGroup;
			children = (
				ACEFBFD21B5CD899009C1537 /* MyImage */,
				ACEFBFE61B5CD899009C1537 /* MyImageTests */,
				ACEFBFD11B5CD899009C1537 /* Products */,
			);
			sourceTree = "<group>";
		};
		ACEFBFD11B5CD899009C1537 /* Products */ = {
			isa = PBXGroup;
			children = (
				ACEFBFD01B5CD899009C1537 /* MyImage.app */,
				ACEFBFE31B5CD899009C1537 /* MyImageTests.xctest */,
			);
			name = Products;
			sourceTree = "<group>";
		};
		ACEFBFD21B5CD899009C1537 /* MyImage */ = {
			isa = PBXGroup;
			children = (
				ACEFBFD51B5CD899009C1537 /* AppDelegate.h */,
				ACEFBFD61B5CD899009C1537 /* AppDelegate.m */,
				ACEFBFDA1B5CD899009C1537 /* Images.xcassets */,
				ACEFBFDC1B5CD899009C1537 /* MainMenu.xib */,
				ACEFBFD31B5CD899009C1537 /* Supporting Files */,
			);
			path = MyImage;
			sourceTree = "<group>";
		};
		ACEFBFD31B5CD899009C1537 /* Supporting Files */ = {
			isa = PBXGroup;
			children = (
				ACEFBFD41B5CD899009C1537 /* Info.plist */,
				ACEFBFD81B5CD899009C1537 /* main.m */,
			);
			name = "Supporting Files";
			sourceTree = "<group>";
		};
		ACEFBFE61B5CD899009C1537 /* MyImageTests */ = {
			isa = PBXGroup;
			children = (
				ACEFBFE91B5CD899009C1537 /* MyImageTests.m */,
				ACEFBFE71B5CD899009C1537 /* Supporting Files */,
			);
			path = MyImageTests;
			sourceTree = "<group>";
		};
		ACEFBFE71B5CD899009C1537 /* Supporting Files */ = {
			isa = PBXGroup;
			children = (
				ACEFBFE81B5CD899009C1537 /* Info.plist */,
			);
			name = "Supporting Files";
			sourceTree = "<group>";
		};
/* End PBXGroup section */

/* Begin PBXNativeTarget section */
		ACEFBFCF1B5CD899009C1537 /* MyImage */ = {
			isa = PBXNativeTarget;
			buildConfigurationList = ACEFBFED1B5CD899009C1537 /* Build configuration list for PBXNativeTarget "MyImage" */;
			buildPhases = (
				ACEFBFCC1B5CD899009C1537 /* Sources */,
				ACEFBFCD1B5CD899009C1537 /* Frameworks */,
				ACEFBFCE1B5CD899009C1537 /* Resources */,
			);
			buildRules = (
			);
			dependencies = (
			);
			name = MyImage;
			productName = MyImage;
			productReference = ACEFBFD01B5CD899009C1537 /* MyImage.app */;
			productType = "com.apple.product-type.application";
		};
		ACEFBFE21B5CD899009C1537 /* MyImageTests */ = {
			isa = PBXNativeTarget;
			buildConfigurationList = ACEFBFF01B5CD899009C1537 /* Build configuration list for PBXNativeTarget "MyImageTests" */;
			buildPhases = (
				ACEFBFDF1B5CD899009C1537 /* Sources */,
				ACEFBFE01B5CD899009C1537 /* Frameworks */,
				ACEFBFE11B5CD899009C1537 /* Resources */,
			);
			buildRules = (
			);
			dependencies = (
				ACEFBFE51B5CD899009C1537 /* PBXTargetDependency */,
			);
			name = MyImageTests;
			productName = MyImageTests;
			productReference = ACEFBFE31B5CD899009C1537 /* MyImageTests.xctest */;
			productType = "com.apple.product-type.bundle.unit-test";
		};
/* End PBXNativeTarget section */

/* Begin PBXProject section */
		ACEFBFC81B5CD899009C1537 /* Project object */ = {
			isa = PBXProject;
			attributes = {
				LastUpgradeCheck = 0640;
				ORGANIZATIONNAME = "osman toda";
				TargetAttributes = {
					ACEFBFCF1B5CD899009C1537 = {
						CreatedOnToolsVersion = 6.4;
					};
					ACEFBFE21B5CD899009C1537 = {
						CreatedOnToolsVersion = 6.4;
						TestTargetID = ACEFBFCF1B5CD899009C1537;
					};
				};
			};
			buildConfigurationList = ACEFBFCB1B5CD899009C1537 /* Build configuration list for PBXProject "MyImage" */;
			compatibilityVersion = "Xcode 3.2";
			developmentRegion = English;
			hasScannedForEncodings = 0;
			knownRegions = (
				en,
				Base,
			);
			mainGroup = ACEFBFC71B5CD899009C1537;
			productRefGroup = ACEFBFD11B5CD899009C1537 /* Products */;
			projectDirPath = "";
			projectRoot = "";
			targets = (
				ACEFBFCF1B5CD899009C1537 /* MyImage */,
				ACEFBFE21B5CD899009C1537 /* MyImageTests */,
			);
		};
/* End PBXProject section */

/* Begin PBXResourcesBuildPhase section */
		ACEFBFCE1B5CD899009C1537 /* Resources */ = {
			isa = PBXResourcesBuildPhase;
			buildActionMask = 2147483647;
			files = (
				ACEFBFDB1B5CD899009C1537 /* Images.xcassets in Resources */,
				ACEFBFDE1B5CD899009C1537 /* MainMenu.xib in Resources */,
			);
			runOnlyForDeploymentPostprocessing = 0;
		};
		ACEFBFE11B5CD899009C1537 /* Resources */ = {
			isa = PBXResourcesBuildPhase;
			buildActionMask = 2147483647;
			files = (
			);
			runOnlyForDeploymentPostprocessing = 0;
		};
/* End PBXResourcesBuildPhase section */

/* Begin PBXSourcesBuildPhase section */
		ACEFBFCC1B5CD899009C1537 /* Sources */ = {
			isa = PBXSourcesBuildPhase;
			buildActionMask = 2147483647;
			files = (
				ACEFBFD91B5CD899009C1537 /* main.m in Sources */,
				ACEFBFD71B5CD899009C1537 /* AppDelegate.m in Sources */,
			);
			runOnlyForDeploymentPostprocessing = 0;
		};
		ACEFBFDF1B5CD899009C1537 /* Sources */ = {
			isa = PBXSourcesBuildPhase;
			buildActionMask = 2147483647;
			files = (
				ACEFBFEA1B5CD899009C1537 /* MyImageTests.m in Sources */,
			);
			runOnlyForDeploymentPostprocessing = 0;
		};
/* End PBXSourcesBuildPhase section */

/* Begin PBXTargetDependency section */
		ACEFBFE51B5CD899009C1537 /* PBXTargetDependency */ = {
			isa = PBXTargetDependency;
			target = ACEFBFCF1B5CD899009C1537 /* MyImage */;
			targetProxy = ACEFBFE41B5CD899009C1537 /* PBXContainerItemProxy */;
		};
/* End PBXTargetDependency section */

/* Begin PBXVariantGroup section */
		ACEFBFDC1B5CD899009C1537 /* MainMenu.xib */ = {
			isa = PBXVariantGroup;
			children = (
				ACEFBFDD1B5CD899009C1537 /* Base */,
			);
			name = MainMenu.xib;
			sourceTree = "<group>";
		};
/* End PBXVariantGroup section */

/* Begin XCBuildConfiguration section */
		ACEFBFEB1B5CD899009C1537 /* Debug */ = {
			isa = XCBuildConfiguration;
			buildSettings = {
				ALWAYS_SEARCH_USER_PATHS = NO;
				CLANG_CXX_LANGUAGE_STANDARD = "gnu++0x";
				CLANG_CXX_LIBRARY = "libc++";
				CLANG_ENABLE_MODULES = YES;
				CLANG_ENABLE_OBJC_ARC = YES;
				CLANG_WARN_BOOL_CONVERSION = YES;
				CLANG_WARN_CONSTANT_CONVERSION = YES;
				CLANG_WARN_DIRECT_OBJC_ISA_USAGE = YES_ERROR;
				CLANG_WARN_EMPTY_BODY = YES;
				CLANG_WARN_ENUM_CONVERSION = YES;
				CLANG_WARN_INT_CONVERSION = YES;
				CLANG_WARN_OBJC_ROOT_CLASS = YES_ERROR;
				CLANG_WARN_UNREACHABLE_CODE = YES;
				CLANG_WARN__DUPLICATE_METHOD_MATCH = YES;
				CODE_SIGN_IDENTITY = "-";
				COPY_PHASE_STRIP = NO;
				DEBUG_INFORMATION_FORMAT = dwarf;
				ENABLE_STRICT_OBJC_MSGSEND = YES;
				GCC_C_LANGUAGE_STANDARD = gnu99;
				GCC_DYNAMIC_NO_PIC = NO;
				GCC_NO_COMMON_BLOCKS = YES;
				GCC_OPTIMIZATION_LEVEL = 0;
				GCC_PREPROCESSOR_DEFINITIONS = (
					"DEBUG=1",
					"$(inherited)",
				);
				GCC_SYMBOLS_PRIVATE_EXTERN = NO;
				GCC_WARN_64_TO_32_BIT_CONVERSION = YES;
				GCC_WARN_ABOUT_RETURN_TYPE = YES_ERROR;
				GCC_WARN_UNDECLARED_SELECTOR = YES;
				GCC_WARN_UNINITIALIZED_AUTOS = YES_AGGRESSIVE;
				GCC_WARN_UNUSED_FUNCTION = YES;
				GCC_WARN_UNUSED_VARIABLE = YES;
				MACOSX_DEPLOYMENT_TARGET = 10.10;
				MTL_ENABLE_DEBUG_INFO = YES;
				ONLY_ACTIVE_ARCH = YES;
				SDKROOT = macosx;
			};
			name = Debug;
		};
		ACEFBFEC1B5CD899009C1537 /* Release */ = {
			isa = XCBuildConfiguration;
			buildSettings = {
				ALWAYS_SEARCH_USER_PATHS = NO;
				CLANG_CXX_LANGUAGE_STANDARD = "gnu++0x";
				CLANG_CXX_LIBRARY = "libc++";
				CLANG_ENABLE_MODULES = YES;
				CLANG_ENABLE_OBJC_ARC = YES;
				CLANG_WARN_BOOL_CONVERSION = YES;
				CLANG_WARN_CONSTANT_CONVERSION = YES;
				CLANG_WARN_DIRECT_OBJC_ISA_USAGE = YES_ERROR;
				CLANG_WARN_EMPTY_BODY = YES;
				CLANG_WARN_ENUM_CONVERSION = YES;
				CLANG_WARN_INT_CONVERSION = YES;
				CLANG_WARN_OBJC_ROOT_CLASS = YES_ERROR;
				CLANG_WARN_UNREACHABLE_CODE = YES;
				CLANG_WARN__DUPLICATE_METHOD_MATCH = YES;
				CODE_SIGN_IDENTITY = "-";
				COPY_PHASE_STRIP = NO;
				DEBUG_INFORMATION_FORMAT = "dwarf-with-dsym";
				ENABLE_NS_ASSERTIONS = NO;
				ENABLE_STRICT_OBJC_MSGSEND = YES;
				GCC_C_LANGUAGE_STANDARD = gnu99;
				GCC_NO_COMMON_BLOCKS = YES;
				GCC_WARN_64_TO_32_BIT_CONVERSION = YES;
				GCC_WARN_ABOUT_RETURN_TYPE = YES_ERROR;
				GCC_WARN_UNDECLARED_SELECTOR = YES;
				GCC_WARN_UNINITIALIZED_AUTOS = YES_AGGRESSIVE;
				GCC_WARN_UNUSED_FUNCTION = YES;
				GCC_WARN_UNUSED_VARIABLE = YES;
				MACOSX_DEPLOYMENT_TARGET = 10.10;
				MTL_ENABLE_DEBUG_INFO = NO;
				SDKROOT = macosx;
			};
			name = Release;
		};
		ACEFBFEE1B5CD899009C1537 /* Debug */ = {
			isa = XCBuildConfiguration;
			buildSettings = {
				ASSETCATALOG_COMPILER_APPICON_NAME = AppIcon;
				COMBINE_HIDPI_IMAGES = YES;
				INFOPLIST_FILE = MyImage/Info.plist;
				LD_RUNPATH_SEARCH_PATHS = "$(inherited) @executable_path/../Frameworks";
				PRODUCT_NAME = "$(TARGET_NAME)";
			};
			name = Debug;
		};
		ACEFBFEF1B5CD899009C1537 /* Release */ = {
			isa = XCBuildConfiguration;
			buildSettings = {
				ASSETCATALOG_COMPILER_APPICON_NAME = AppIcon;
				COMBINE_HIDPI_IMAGES = YES;
				INFOPLIST_FILE = MyImage/Info.plist;
				LD_RUNPATH_SEARCH_PATHS = "$(inherited) @executable_path/../Frameworks";
				PRODUCT_NAME = "$(TARGET_NAME)";
			};
			name = Release;
		};
		ACEFBFF11B5CD899009C1537 /* Debug */ = {
			isa = XCBuildConfiguration;
			buildSettings = {
				BUNDLE_LOADER = "$(TEST_HOST)";
				COMBINE_HIDPI_IMAGES = YES;
				FRAMEWORK_SEARCH_PATHS = (
					"$(DEVELOPER_FRAMEWORKS_DIR)",
					"$(inherited)",
				);
				GCC_PREPROCESSOR_DEFINITIONS = (
					"DEBUG=1",
					"$(inherited)",
				);
				INFOPLIST_FILE = MyImageTests/Info.plist;
				LD_RUNPATH_SEARCH_PATHS = "$(inherited) @executable_path/../Frameworks @loader_path/../Frameworks";
				PRODUCT_NAME = "$(TARGET_NAME)";
				TEST_HOST = "$(BUILT_PRODUCTS_DIR)/MyImage.app/Contents/MacOS/MyImage";
			};
			name = Debug;
		};
		ACEFBFF21B5CD899009C1537 /* Release */ = {
			isa = XCBuildConfiguration;
			buildSettings = {
				BUNDLE_LOADER = "$(TEST_HOST)";
				COMBINE_HIDPI_IMAGES = YES;
				FRAMEWORK_SEARCH_PATHS = (
					"$(DEVELOPER_FRAMEWORKS_DIR)",
					"$(inherited)",
				);
				INFOPLIST_FILE = MyImageTests/Info.plist;
				LD_RUNPATH_SEARCH_PATHS = "$(inherited) @executable_path/../Frameworks @loader_path/../Frameworks";
				PRODUCT_NAME = "$(TARGET_NAME)";
				TEST_HOST = "$(BUILT_PRODUCTS_DIR)/MyImage.app/Contents/MacOS/MyImage";
			};
			name = Release;
		};
/* End XCBuildConfiguration section */

/* Begin XCConfigurationList section */
		ACEFBFCB1B5CD899009C1537 /* Build configuration list for PBXProject "MyImage" */ = {
			isa = XCConfigurationList;
			buildConfigurations = (
				ACEFBFEB1B5CD899009C1537 /* Debug */,
				ACEFBFEC1B5CD899009C1537 /* Release */,
			);
			defaultConfigurationIsVisible = 0;
			defaultConfigurationName = Release;
		};
		ACEFBFED1B5CD899009C1537 /* Build configuration list for PBXNativeTarget "MyImage" */ = {
			isa = XCConfigurationList;
			buildConfigurations = (
				ACEFBFEE1B5CD899009C1537 /* Debug */,
				ACEFBFEF1B5CD899009C1537 /* Release */,
			);
			defaultConfigurationIsVisible = 0;
		};
		ACEFBFF01B5CD899009C1537 /* Build configuration list for PBXNativeTarget "MyImageTests" */ = {
			isa = XCConfigurationList;
			buildConfigurations = (
				ACEFBFF11B5CD899009C1537 /* Debug */,
				ACEFBFF21B5CD899009C1537 /* Release */,
			);
			defaultConfigurationIsVisible = 0;
		};
/* End XCConfigurationList section */
	};
	rootObject = ACEFBFC81B5CD899009C1537 /* Project object */;
}
